
Microsoft Visual Studio Solution File, Format Version 12.00
# Visual Studio Version 17
VisualStudioVersion = 17.5.33414.496
MinimumVisualStudioVersion = 10.0.40219.1
Project("{FAE04EC0-301F-11D3-BF4B-00C04F79EFBC}") = "Kradiy", "Kradiy\Kradiy.csproj", "{36E313D7-7DAD-4416-B3EE-596AD872B2AE}"
EndProject
Global
	GlobalSection(SolutionConfigurationPlatforms) = preSolution
		Debug|Any CPU = Debug|Any CPU
		Release|Any CPU = Release|Any CPU
	EndGlobalSection
	GlobalSection(ProjectConfigurationPlatforms) = postSolution
		{36E313D7-7DAD-4416-B3EE-596AD872B2AE}.Debug|Any CPU.ActiveCfg = Debug|Any CPU
		{36E313D7-7DAD-4416-B3EE-596AD872B2AE}.Debug|Any CPU.Build.0 = Debug|Any CPU
		{36E313D7-7DAD-4416-B3EE-596AD872B2AE}.Release|Any CPU.ActiveCfg = Release|Any CPU
		{36E313D7-7DAD-4416-B3EE-596AD872B2AE}.Release|Any CPU.Build.0 = Release|Any CPU
	EndGlobalSection
	GlobalSection(SolutionProperties) = preSolution
		HideSolutionNode = FALSE
	EndGlobalSection
	GlobalSection(ExtensibilityGlobals) = postSolution
		SolutionGuid = {DFF91E83-7F6E-459E-84A2-E46A9B2C28B4}
	EndGlobalSection
EndGlobal
